
Microsoft Visual Studio Solution File, Format Version 12.00
# Visual Studio Version 17
VisualStudioVersion = 17.5.002.0
MinimumVisualStudioVersion = 10.0.40219.1
Project("{9A19103F-16F7-4668-BE54-9A1E7A4F7556}") = "calculator", "calculator.csproj", "{B06CD077-4126-42D9-B11E-7A8B8C889842}"
EndProject
Global
	GlobalSection(SolutionConfigurationPlatforms) = preSolution
		Debug|Any CPU = Debug|Any CPU
		Release|Any CPU = Release|Any CPU
	EndGlobalSection
	GlobalSection(ProjectConfigurationPlatforms) = postSolution
		{B06CD077-4126-42D9-B11E-7A8B8C889842}.Debug|Any CPU.ActiveCfg = Debug|Any CPU
		{B06CD077-4126-42D9-B11E-7A8B8C889842}.Debug|Any CPU.Build.0 = Debug|Any CPU
		{B06CD077-4126-42D9-B11E-7A8B8C889842}.Release|Any CPU.ActiveCfg = Release|Any CPU
		{B06CD077-4126-42D9-B11E-7A8B8C889842}.Release|Any CPU.Build.0 = Release|Any CPU
	EndGlobalSection
	GlobalSection(SolutionProperties) = preSolution
		HideSolutionNode = FALSE
	EndGlobalSection
	GlobalSection(ExtensibilityGlobals) = postSolution
		SolutionGuid = {BD340BDB-48D8-489F-9DDA-9A1A0564976F}
	EndGlobalSection
EndGlobal
